
Microsoft Visual Studio Solution File, Format Version 12.00
# Visual Studio Version 16
VisualStudioVersion = 16.0.31402.337
MinimumVisualStudioVersion = 10.0.40219.1
Project("{FAE04EC0-301F-11D3-BF4B-00C04F79EFBC}") = "EM.WindowsForms", "projeto3\EM.WindowsForms.csproj", "{3BD80D6D-043D-4DFB-8A86-049C09555AEC}"
EndProject
Project("{FAE04EC0-301F-11D3-BF4B-00C04F79EFBC}") = "EM.Domain", "ClassLibrary1\EM.Domain.csproj", "{A3475181-3B67-4D3A-B48D-BADF1FAFDA1D}"
EndProject
Project("{FAE04EC0-301F-11D3-BF4B-00C04F79EFBC}") = "EM.Repository", "EM.Repository\EM.Repository.csproj", "{9866700A-AAF9-4819-9ACD-7349506F0E62}"
EndProject
Project("{FAE04EC0-301F-11D3-BF4B-00C04F79EFBC}") = "EM.Repository.Teste", "EM.Domain.Teste\EM.Repository.Teste.csproj", "{BE93AEB9-EDF7-4BE4-AFD6-A71157339705}"
EndProject
Project("{FAE04EC0-301F-11D3-BF4B-00C04F79EFBC}") = "EM.Domain.Testes", "EM.Domain.Testes\EM.Domain.Testes.csproj", "{AF82BE95-0368-4340-B954-065884A14DDF}"
EndProject
Global
	GlobalSection(SolutionConfigurationPlatforms) = preSolution
		Debug|Any CPU = Debug|Any CPU
		Release|Any CPU = Release|Any CPU
	EndGlobalSection
	GlobalSection(ProjectConfigurationPlatforms) = postSolution
		{3BD80D6D-043D-4DFB-8A86-049C09555AEC}.Debug|Any CPU.ActiveCfg = Debug|Any CPU
		{3BD80D6D-043D-4DFB-8A86-049C09555AEC}.Debug|Any CPU.Build.0 = Debug|Any CPU
		{3BD80D6D-043D-4DFB-8A86-049C09555AEC}.Release|Any CPU.ActiveCfg = Release|Any CPU
		{3BD80D6D-043D-4DFB-8A86-049C09555AEC}.Release|Any CPU.Build.0 = Release|Any CPU
		{A3475181-3B67-4D3A-B48D-BADF1FAFDA1D}.Debug|Any CPU.ActiveCfg = Debug|Any CPU
		{A3475181-3B67-4D3A-B48D-BADF1FAFDA1D}.Debug|Any CPU.Build.0 = Debug|Any CPU
		{A3475181-3B67-4D3A-B48D-BADF1FAFDA1D}.Release|Any CPU.ActiveCfg = Release|Any CPU
		{A3475181-3B67-4D3A-B48D-BADF1FAFDA1D}.Release|Any CPU.Build.0 = Release|Any CPU
		{9866700A-AAF9-4819-9ACD-7349506F0E62}.Debug|Any CPU.ActiveCfg = Debug|Any CPU
		{9866700A-AAF9-4819-9ACD-7349506F0E62}.Debug|Any CPU.Build.0 = Debug|Any CPU
		{9866700A-AAF9-4819-9ACD-7349506F0E62}.Release|Any CPU.ActiveCfg = Release|Any CPU
		{9866700A-AAF9-4819-9ACD-7349506F0E62}.Release|Any CPU.Build.0 = Release|Any CPU
		{BE93AEB9-EDF7-4BE4-AFD6-A71157339705}.Debug|Any CPU.ActiveCfg = Debug|Any CPU
		{BE93AEB9-EDF7-4BE4-AFD6-A71157339705}.Debug|Any CPU.Build.0 = Debug|Any CPU
		{BE93AEB9-EDF7-4BE4-AFD6-A71157339705}.Release|Any CPU.ActiveCfg = Release|Any CPU
		{BE93AEB9-EDF7-4BE4-AFD6-A71157339705}.Release|Any CPU.Build.0 = Release|Any CPU
		{AF82BE95-0368-4340-B954-065884A14DDF}.Debug|Any CPU.ActiveCfg = Debug|Any CPU
		{AF82BE95-0368-4340-B954-065884A14DDF}.Debug|Any CPU.Build.0 = Debug|Any CPU
		{AF82BE95-0368-4340-B954-065884A14DDF}.Release|Any CPU.ActiveCfg = Release|Any CPU
		{AF82BE95-0368-4340-B954-065884A14DDF}.Release|Any CPU.Build.0 = Release|Any CPU
	EndGlobalSection
	GlobalSection(SolutionProperties) = preSolution
		HideSolutionNode = FALSE
	EndGlobalSection
	GlobalSection(ExtensibilityGlobals) = postSolution
		SolutionGuid = {510FA6F7-24EB-41F3-83AD-DD311074F2BF}
	EndGlobalSection
EndGlobal
